<?xml version="1.0" encoding="utf-8"?>
<Project ToolsVersion="4.0" xmlns="http://schemas.microsoft.com/developer/msbuild/2003">
  <ItemGroup>
    <Filter Include="Source Files">
      <UniqueIdentifier>{4FC737F1-C7A5-4376-A066-2A32D752A2FF}</UniqueIdentifier>
      <Extensions>cpp;c;cc;cxx;def;odl;idl;hpj;bat;asm;asmx</Extensions>
    </Filter>
    <Filter Include="Header Files">
      <UniqueIdentifier>{93995380-89BD-4b04-88EB-625FBE52EBFB}</UniqueIdentifier>
      <Extensions>h;hh;hpp;hxx;hm;inl;inc;ipp;xsd</Extensions>
    </Filter>
    <Filter Include="Resource Files">
      <UniqueIdentifier>{67DA6AB6-F800-4c08-8B7A-83BB121AAD01}</UniqueIdentifier>
      <Extensions>rc;ico;cur;bmp;dlg;rc2;rct;bin;rgs;gif;jpg;jpeg;jpe;resx;tiff;tif;png;wav;mfcribbon-ms</Extensions>
    </Filter>
  </ItemGroup>
  <ItemGroup>
    <ClCompile Include="Medicine.cpp">
      <Filter>Source Files</Filter>
    </ClCompile>
    <ClCompile Include="Employee.cpp">
      <Filter>Source Files</Filter>
    </ClCompile>
    <ClCompile Include="TestEntities.cpp">
      <Filter>Source Files</Filter>
    </ClCompile>
    <ClCompile Include="TestRepoFile.cpp">
      <Filter>Source Files</Filter>
    </ClCompile>
    <ClCompile Include="Entity.cpp">
      <Filter>Source Files</Filter>
    </ClCompile>
    <ClCompile Include="Exceptions.cpp">
      <Filter>Source Files</Filter>
    </ClCompile>
    <ClCompile Include="UI.cpp">
      <Filter>Source Files</Filter>
    </ClCompile>
    <ClCompile Include="App.cpp">
      <Filter>Source Files</Filter>
    </ClCompile>
    <ClCompile Include="TestService.cpp">
      <Filter>Source Files</Filter>
    </ClCompile>
    <ClCompile Include="TestsForLab.cpp">
      <Filter>Source Files</Filter>
    </ClCompile>
    <ClCompile Include="LoginRegisterProcesses.cpp">
      <Filter>Source Files</Filter>
    </ClCompile>
    <ClCompile Include="TestLoginRegister.cpp">
      <Filter>Source Files</Filter>
    </ClCompile>
    <ClCompile Include="ServiceEmployee.cpp">
      <Filter>Source Files</Filter>
    </ClCompile>
    <ClCompile Include="ServiceMedicine.cpp">
      <Filter>Source Files</Filter>
    </ClCompile>
  </ItemGroup>
  <ItemGroup>
    <ClInclude Include="Medicine.h">
      <Filter>Header Files</Filter>
    </ClInclude>
    <ClInclude Include="Employee.h">
      <Filter>Header Files</Filter>
    </ClInclude>
    <ClInclude Include="RepoFileCSV.h">
      <Filter>Header Files</Filter>
    </ClInclude>
    <ClInclude Include="TestEntities.h">
      <Filter>Header Files</Filter>
    </ClInclude>
    <ClInclude Include="TestRepoFile.h">
      <Filter>Header Files</Filter>
    </ClInclude>
    <ClInclude Include="Repo.h">
      <Filter>Header Files</Filter>
    </ClInclude>
    <ClInclude Include="RepoFileTXT.h">
      <Filter>Header Files</Filter>
    </ClInclude>
    <ClInclude Include="Entity.h">
      <Filter>Header Files</Filter>
    </ClInclude>
    <ClInclude Include="Exceptions.h">
      <Filter>Header Files</Filter>
    </ClInclude>
    <ClInclude Include="UI.h">
      <Filter>Header Files</Filter>
    </ClInclude>
    <ClInclude Include="TestService.h">
      <Filter>Header Files</Filter>
    </ClInclude>
    <ClInclude Include="TestsForLab.h">
      <Filter>Header Files</Filter>
    </ClInclude>
    <ClInclude Include="LoginRegisterProcesses.h">
      <Filter>Header Files</Filter>
    </ClInclude>
    <ClInclude Include="TestLoginRegister.h">
      <Filter>Header Files</Filter>
    </ClInclude>
    <ClInclude Include="ServiceEmployee.h">
      <Filter>Header Files</Filter>
    </ClInclude>
    <ClInclude Include="ServiceMedicine.h">
      <Filter>Header Files</Filter>
    </ClInclude>
  </ItemGroup>
  <ItemGroup>
    <Text Include="TestMedicines.txt">
      <Filter>Resource Files</Filter>
    </Text>
    <Text Include="TestEmployees.txt">
      <Filter>Resource Files</Filter>
    </Text>
    <Text Include="Medicamente.txt">
      <Filter>Resource Files</Filter>
    </Text>
    <Text Include="Employees.txt">
      <Filter>Resource Files</Filter>
    </Text>
    <Text Include="usersList.txt">
      <Filter>Resource Files</Filter>
    </Text>
    <Text Include="usersListTest.txt">
      <Filter>Resource Files</Filter>
    </Text>
  </ItemGroup>
  <ItemGroup>
    <None Include="TestMedicines.csv">
      <Filter>Resource Files</Filter>
    </None>
    <None Include="TestEmployees.csv">
      <Filter>Resource Files</Filter>
    </None>
    <None Include="Employees.csv">
      <Filter>Resource Files</Filter>
    </None>
    <None Include="Medicamente.csv">
      <Filter>Resource Files</Filter>
    </None>
  </ItemGroup>
</Project>